
Microsoft Visual Studio Solution File, Format Version 12.00
# Visual Studio 2012
Project("{FAE04EC0-301F-11D3-BF4B-00C04F79EFBC}") = "C-sharp", "C-sharp\C-sharp.csproj", "{ED2EBB31-9E63-449D-BF88-A1CA1DC39D09}"
EndProject
Global
	GlobalSection(SolutionConfigurationPlatforms) = preSolution
		Debug|x86 = Debug|x86
		Release|x86 = Release|x86
	EndGlobalSection
	GlobalSection(ProjectConfigurationPlatforms) = postSolution
		{ED2EBB31-9E63-449D-BF88-A1CA1DC39D09}.Debug|x86.ActiveCfg = Debug|x86
		{ED2EBB31-9E63-449D-BF88-A1CA1DC39D09}.Debug|x86.Build.0 = Debug|x86
		{ED2EBB31-9E63-449D-BF88-A1CA1DC39D09}.Release|x86.ActiveCfg = Release|x86
		{ED2EBB31-9E63-449D-BF88-A1CA1DC39D09}.Release|x86.Build.0 = Release|x86
	EndGlobalSection
EndGlobal
